Microsoft Visual Studio Solution File, Format Version 12.00
# Visual Studio Version 17
VisualStudioVersion = 17.5.33424.131
MinimumVisualStudioVersion = 10.0.40219.1
Project("{FAE04EC0-301F-11D3-BF4B-00C04F79EFBC}") = "Parcheggio", "Parcheggio\Parcheggio.csproj", "{BE8045AF-9C00-467F-85CE-1D0CC1334572}"
EndProject
Project("{9A19103F-16F7-4668-BE54-9A1E7A4F7556}") = "TestProject", "TestProject2\TestProject.csproj", "{F0A7826F-A519-4B5C-B351-C5552DC27CE3}"
EndProject
Project("{FAE04EC0-301F-11D3-BF4B-00C04F79EFBC}") = "WindowsFormsApp1", "WindowsFormsApp1\WindowsFormsApp1.csproj", "{1E7EB852-28B1-4578-815F-456F3DCCDB04}"
EndProject
Global
	GlobalSection(SolutionConfigurationPlatforms) = preSolution
		Debug|Any CPU = Debug|Any CPU
		Release|Any CPU = Release|Any CPU
	EndGlobalSection
	GlobalSection(ProjectConfigurationPlatforms) = postSolution
		{BE8045AF-9C00-467F-85CE-1D0CC1334572}.Debug|Any CPU.ActiveCfg = Debug|Any CPU
		{BE8045AF-9C00-467F-85CE-1D0CC1334572}.Debug|Any CPU.Build.0 = Debug|Any CPU
		{BE8045AF-9C00-467F-85CE-1D0CC1334572}.Release|Any CPU.ActiveCfg = Release|Any CPU
		{BE8045AF-9C00-467F-85CE-1D0CC1334572}.Release|Any CPU.Build.0 = Release|Any CPU
		{F0A7826F-A519-4B5C-B351-C5552DC27CE3}.Debug|Any CPU.ActiveCfg = Debug|Any CPU
		{F0A7826F-A519-4B5C-B351-C5552DC27CE3}.Debug|Any CPU.Build.0 = Debug|Any CPU
		{F0A7826F-A519-4B5C-B351-C5552DC27CE3}.Release|Any CPU.ActiveCfg = Release|Any CPU
		{F0A7826F-A519-4B5C-B351-C5552DC27CE3}.Release|Any CPU.Build.0 = Release|Any CPU
		{1E7EB852-28B1-4578-815F-456F3DCCDB04}.Debug|Any CPU.ActiveCfg = Debug|Any CPU
		{1E7EB852-28B1-4578-815F-456F3DCCDB04}.Debug|Any CPU.Build.0 = Debug|Any CPU
		{1E7EB852-28B1-4578-815F-456F3DCCDB04}.Release|Any CPU.ActiveCfg = Release|Any CPU
		{1E7EB852-28B1-4578-815F-456F3DCCDB04}.Release|Any CPU.Build.0 = Release|Any CPU
	EndGlobalSection
	GlobalSection(SolutionProperties) = preSolution
		HideSolutionNode = FALSE
	EndGlobalSection
	GlobalSection(ExtensibilityGlobals) = postSolution
		SolutionGuid = {7213371F-B421-4F20-BB27-7747CDB79EB4}
	EndGlobalSection
EndGlobal
